
Microsoft Visual Studio Solution File, Format Version 12.00
# Visual Studio Version 17
VisualStudioVersion = 17.7.34202.233
MinimumVisualStudioVersion = 10.0.40219.1
Project("{FAE04EC0-301F-11D3-BF4B-00C04F79EFBC}") = "LoveMusic", "LoveMusic\LoveMusic.csproj", "{2D875AFF-FE41-49CD-8A3A-2024A8929EC6}"
EndProject
Global
	GlobalSection(SolutionConfigurationPlatforms) = preSolution
		Debug|Any CPU = Debug|Any CPU
		Release|Any CPU = Release|Any CPU
	EndGlobalSection
	GlobalSection(ProjectConfigurationPlatforms) = postSolution
		{2D875AFF-FE41-49CD-8A3A-2024A8929EC6}.Debug|Any CPU.ActiveCfg = Debug|Any CPU
		{2D875AFF-FE41-49CD-8A3A-2024A8929EC6}.Debug|Any CPU.Build.0 = Debug|Any CPU
		{2D875AFF-FE41-49CD-8A3A-2024A8929EC6}.Release|Any CPU.ActiveCfg = Release|Any CPU
		{2D875AFF-FE41-49CD-8A3A-2024A8929EC6}.Release|Any CPU.Build.0 = Release|Any CPU
	EndGlobalSection
	GlobalSection(SolutionProperties) = preSolution
		HideSolutionNode = FALSE
	EndGlobalSection
	GlobalSection(ExtensibilityGlobals) = postSolution
		SolutionGuid = {E03FDFBC-B074-475F-AA12-0BA1A4869408}
	EndGlobalSection
EndGlobal
